
Microsoft Visual Studio Solution File, Format Version 12.00
# Visual Studio Version 17
VisualStudioVersion = 17.12.35527.113 d17.12
MinimumVisualStudioVersion = 10.0.40219.1
Project("{FAE04EC0-301F-11D3-BF4B-00C04F79EFBC}") = "MagazinWithRedis", "MagazinWithRedis\MagazinWithRedis.csproj", "{BB4F924B-6508-40FB-92F8-4D9B9AFBB142}"
EndProject
Project("{FAE04EC0-301F-11D3-BF4B-00C04F79EFBC}") = "DAL", "DAL\DAL.csproj", "{90497FB5-FC80-4F37-A0F8-7061FB47021E}"
EndProject
Project("{FAE04EC0-301F-11D3-BF4B-00C04F79EFBC}") = "API", "API\API.csproj", "{CC401512-7311-4A1C-8803-556841DB763D}"
EndProject
Project("{FAE04EC0-301F-11D3-BF4B-00C04F79EFBC}") = "Core", "Core\Core.csproj", "{A0F3FE6A-2532-460C-A039-E169898402BF}"
EndProject
Global
	GlobalSection(SolutionConfigurationPlatforms) = preSolution
		Debug|Any CPU = Debug|Any CPU
		Release|Any CPU = Release|Any CPU
	EndGlobalSection
	GlobalSection(ProjectConfigurationPlatforms) = postSolution
		{BB4F924B-6508-40FB-92F8-4D9B9AFBB142}.Debug|Any CPU.ActiveCfg = Debug|Any CPU
		{BB4F924B-6508-40FB-92F8-4D9B9AFBB142}.Debug|Any CPU.Build.0 = Debug|Any CPU
		{BB4F924B-6508-40FB-92F8-4D9B9AFBB142}.Release|Any CPU.ActiveCfg = Release|Any CPU
		{BB4F924B-6508-40FB-92F8-4D9B9AFBB142}.Release|Any CPU.Build.0 = Release|Any CPU
		{90497FB5-FC80-4F37-A0F8-7061FB47021E}.Debug|Any CPU.ActiveCfg = Debug|Any CPU
		{90497FB5-FC80-4F37-A0F8-7061FB47021E}.Debug|Any CPU.Build.0 = Debug|Any CPU
		{90497FB5-FC80-4F37-A0F8-7061FB47021E}.Release|Any CPU.ActiveCfg = Release|Any CPU
		{90497FB5-FC80-4F37-A0F8-7061FB47021E}.Release|Any CPU.Build.0 = Release|Any CPU
		{CC401512-7311-4A1C-8803-556841DB763D}.Debug|Any CPU.ActiveCfg = Debug|Any CPU
		{CC401512-7311-4A1C-8803-556841DB763D}.Debug|Any CPU.Build.0 = Debug|Any CPU
		{CC401512-7311-4A1C-8803-556841DB763D}.Release|Any CPU.ActiveCfg = Release|Any CPU
		{CC401512-7311-4A1C-8803-556841DB763D}.Release|Any CPU.Build.0 = Release|Any CPU
		{A0F3FE6A-2532-460C-A039-E169898402BF}.Debug|Any CPU.ActiveCfg = Debug|Any CPU
		{A0F3FE6A-2532-460C-A039-E169898402BF}.Debug|Any CPU.Build.0 = Debug|Any CPU
		{A0F3FE6A-2532-460C-A039-E169898402BF}.Release|Any CPU.ActiveCfg = Release|Any CPU
		{A0F3FE6A-2532-460C-A039-E169898402BF}.Release|Any CPU.Build.0 = Release|Any CPU
	EndGlobalSection
	GlobalSection(SolutionProperties) = preSolution
		HideSolutionNode = FALSE
	EndGlobalSection
EndGlobal
